
Microsoft Visual Studio Solution File, Format Version 12.00
# Visual Studio Version 16
VisualStudioVersion = 16.0.31702.278
MinimumVisualStudioVersion = 10.0.40219.1
Project("{9A19103F-16F7-4668-BE54-9A1E7A4F7556}") = "mysocietywebsite", "mysocietywebsite.csproj", "{962B7F58-EF4F-4E48-A9B6-9CC5C4880B8C}"
EndProject
Project("{9A19103F-16F7-4668-BE54-9A1E7A4F7556}") = "mysocietywebsite.Common", "..\mysocietywebsite.Common\mysocietywebsite.Common.csproj", "{7CCEDA01-C46E-45F5-AE79-9AA2F5FABE20}"
EndProject
Project("{9A19103F-16F7-4668-BE54-9A1E7A4F7556}") = "mysocietywebsite.Model", "..\mysocietywebsite.Model\mysocietywebsite.Model.csproj", "{A5AF4850-827B-4B9D-9A9E-A48CC7D4D2B2}"
EndProject
Project("{9A19103F-16F7-4668-BE54-9A1E7A4F7556}") = "mysocietywebsite.Service", "..\mysocietywebsite.Service\mysocietywebsite.Service.csproj", "{0B991E5F-A314-4C35-89D6-343FE174146E}"
EndProject
Project("{9A19103F-16F7-4668-BE54-9A1E7A4F7556}") = "mysocietywebsite.Resource", "..\mysocietywebsite.Resource\mysocietywebsite.Resource.csproj", "{0D10C551-017D-4668-9996-E9DDFD7FC36B}"
EndProject
Global
	GlobalSection(SolutionConfigurationPlatforms) = preSolution
		Debug|Any CPU = Debug|Any CPU
		Release|Any CPU = Release|Any CPU
	EndGlobalSection
	GlobalSection(ProjectConfigurationPlatforms) = postSolution
		{962B7F58-EF4F-4E48-A9B6-9CC5C4880B8C}.Debug|Any CPU.ActiveCfg = Debug|Any CPU
		{962B7F58-EF4F-4E48-A9B6-9CC5C4880B8C}.Debug|Any CPU.Build.0 = Debug|Any CPU
		{962B7F58-EF4F-4E48-A9B6-9CC5C4880B8C}.Release|Any CPU.ActiveCfg = Release|Any CPU
		{962B7F58-EF4F-4E48-A9B6-9CC5C4880B8C}.Release|Any CPU.Build.0 = Release|Any CPU
		{7CCEDA01-C46E-45F5-AE79-9AA2F5FABE20}.Debug|Any CPU.ActiveCfg = Debug|Any CPU
		{7CCEDA01-C46E-45F5-AE79-9AA2F5FABE20}.Debug|Any CPU.Build.0 = Debug|Any CPU
		{7CCEDA01-C46E-45F5-AE79-9AA2F5FABE20}.Release|Any CPU.ActiveCfg = Release|Any CPU
		{7CCEDA01-C46E-45F5-AE79-9AA2F5FABE20}.Release|Any CPU.Build.0 = Release|Any CPU
		{A5AF4850-827B-4B9D-9A9E-A48CC7D4D2B2}.Debug|Any CPU.ActiveCfg = Debug|Any CPU
		{A5AF4850-827B-4B9D-9A9E-A48CC7D4D2B2}.Debug|Any CPU.Build.0 = Debug|Any CPU
		{A5AF4850-827B-4B9D-9A9E-A48CC7D4D2B2}.Release|Any CPU.ActiveCfg = Release|Any CPU
		{A5AF4850-827B-4B9D-9A9E-A48CC7D4D2B2}.Release|Any CPU.Build.0 = Release|Any CPU
		{0B991E5F-A314-4C35-89D6-343FE174146E}.Debug|Any CPU.ActiveCfg = Debug|Any CPU
		{0B991E5F-A314-4C35-89D6-343FE174146E}.Debug|Any CPU.Build.0 = Debug|Any CPU
		{0B991E5F-A314-4C35-89D6-343FE174146E}.Release|Any CPU.ActiveCfg = Release|Any CPU
		{0B991E5F-A314-4C35-89D6-343FE174146E}.Release|Any CPU.Build.0 = Release|Any CPU
		{0D10C551-017D-4668-9996-E9DDFD7FC36B}.Debug|Any CPU.ActiveCfg = Debug|Any CPU
		{0D10C551-017D-4668-9996-E9DDFD7FC36B}.Debug|Any CPU.Build.0 = Debug|Any CPU
		{0D10C551-017D-4668-9996-E9DDFD7FC36B}.Release|Any CPU.ActiveCfg = Release|Any CPU
		{0D10C551-017D-4668-9996-E9DDFD7FC36B}.Release|Any CPU.Build.0 = Release|Any CPU
	EndGlobalSection
	GlobalSection(SolutionProperties) = preSolution
		HideSolutionNode = FALSE
	EndGlobalSection
	GlobalSection(ExtensibilityGlobals) = postSolution
		SolutionGuid = {C7F62E0F-B451-452D-97F8-FC0B88783632}
	EndGlobalSection
EndGlobal
